
Microsoft Visual Studio Solution File, Format Version 12.00
# Visual Studio Version 17
VisualStudioVersion = 17.6.33815.320
MinimumVisualStudioVersion = 10.0.40219.1
Project("{FAE04EC0-301F-11D3-BF4B-00C04F79EFBC}") = "ConsoleApp7", "ConsoleApp7\ConsoleApp7.csproj", "{ECE3238D-106D-4496-908E-A035B0579076}"
EndProject
Global
	GlobalSection(SolutionConfigurationPlatforms) = preSolution
		Debug|Any CPU = Debug|Any CPU
		Release|Any CPU = Release|Any CPU
	EndGlobalSection
	GlobalSection(ProjectConfigurationPlatforms) = postSolution
		{ECE3238D-106D-4496-908E-A035B0579076}.Debug|Any CPU.ActiveCfg = Debug|Any CPU
		{ECE3238D-106D-4496-908E-A035B0579076}.Debug|Any CPU.Build.0 = Debug|Any CPU
		{ECE3238D-106D-4496-908E-A035B0579076}.Release|Any CPU.ActiveCfg = Release|Any CPU
		{ECE3238D-106D-4496-908E-A035B0579076}.Release|Any CPU.Build.0 = Release|Any CPU
	EndGlobalSection
	GlobalSection(SolutionProperties) = preSolution
		HideSolutionNode = FALSE
	EndGlobalSection
	GlobalSection(ExtensibilityGlobals) = postSolution
		SolutionGuid = {7D3E5F5B-2DBF-4E85-914E-E08785FEA6E1}
	EndGlobalSection
EndGlobal
